
Microsoft Visual Studio Solution File, Format Version 12.00
# Visual Studio 2013
VisualStudioVersion = 12.0.40629.0
MinimumVisualStudioVersion = 10.0.40219.1
Project("{2150E333-8FDC-42A3-9474-1A3956D46DE8}") = "2_DBUtility", "2_DBUtility", "{2B5156CC-BCB6-496B-B949-EAAD007DE75B}"
EndProject
Project("{FAE04EC0-301F-11D3-BF4B-00C04F79EFBC}") = "DF.Finance.DBUtility", "DF.Finance.DBUtility\DF.Finance.DBUtility.csproj", "{3AEFB1E3-8C93-4CFE-AF1A-82B31624CC31}"
EndProject
Project("{2150E333-8FDC-42A3-9474-1A3956D46DE8}") = "1_Common", "1_Common", "{A1452F58-5996-4407-ADB3-ED4CFA870DB1}"
EndProject
Project("{2150E333-8FDC-42A3-9474-1A3956D46DE8}") = "4_DAL", "4_DAL", "{6A1CA0B2-E143-4049-93C3-2ECE5C1BE966}"
EndProject
Project("{2150E333-8FDC-42A3-9474-1A3956D46DE8}") = "5_BLL", "5_BLL", "{743F51A4-D131-4C03-A204-F9C50387D26A}"
EndProject
Project("{2150E333-8FDC-42A3-9474-1A3956D46DE8}") = "7_Web", "7_Web", "{0F39350A-18DC-4D94-B97D-68C184623667}"
EndProject
Project("{FAE04EC0-301F-11D3-BF4B-00C04F79EFBC}") = "DF.Finance.DAL", "DF.Finance.DAL\DF.Finance.DAL.csproj", "{BB8DD2AB-7782-480F-A016-D35D16808DB7}"
EndProject
Project("{FAE04EC0-301F-11D3-BF4B-00C04F79EFBC}") = "DF.Finance.BLL", "DF.Finance.BLL\DF.Finance.BLL.csproj", "{769499C5-CCB9-4030-B281-F16ADBDB53FD}"
EndProject
Project("{FAE04EC0-301F-11D3-BF4B-00C04F79EFBC}") = "DF.Finance.Admin", "DF.Finance.Admin\DF.Finance.Admin.csproj", "{DBFAF881-74DE-4BAE-AF8D-1B880116712B}"
EndProject
Project("{FAE04EC0-301F-11D3-BF4B-00C04F79EFBC}") = "DF.Finance.Web", "DF.Finance.Web\DF.Finance.Web.csproj", "{C5C23DB2-BB8B-42F9-937B-01DEAF30DC93}"
EndProject
Project("{2150E333-8FDC-42A3-9474-1A3956D46DE8}") = "6_Service", "6_Service", "{26AE9D71-E2E0-46F4-889D-A24ECF260C45}"
EndProject
Project("{FAE04EC0-301F-11D3-BF4B-00C04F79EFBC}") = "DF.Finance.Common", "DF.Finance.Common\DF.Finance.Common.csproj", "{4B138F90-FF32-4B88-BBEF-1977268AFB5A}"
EndProject
Project("{2150E333-8FDC-42A3-9474-1A3956D46DE8}") = "3_Model", "3_Model", "{B9BB7FBB-43A2-4D02-BCA5-39E9B7B1FAE7}"
EndProject
Project("{FAE04EC0-301F-11D3-BF4B-00C04F79EFBC}") = "DF.Finance.Model", "DF.Finance.Model\DF.Finance.Model.csproj", "{B1D6E5C6-6C7F-4308-8873-E7EA71FBD116}"
EndProject
Project("{FAE04EC0-301F-11D3-BF4B-00C04F79EFBC}") = "DF.Finance.WebCommon", "DF.Finance.WebCommon\DF.Finance.WebCommon.csproj", "{16FA1F9E-3CBB-4A83-B09E-8080E30513EC}"
EndProject
Project("{FAE04EC0-301F-11D3-BF4B-00C04F79EFBC}") = "DF.Finance.Tasks", "DF.Finance.Tasks\DF.Finance.Tasks.csproj", "{DED6CFDA-F932-4E7B-80A2-95D3B890E4FE}"
EndProject
Global
	GlobalSection(SolutionConfigurationPlatforms) = preSolution
		Debug|Any CPU = Debug|Any CPU
		Release|Any CPU = Release|Any CPU
	EndGlobalSection
	GlobalSection(ProjectConfigurationPlatforms) = postSolution
		{3AEFB1E3-8C93-4CFE-AF1A-82B31624CC31}.Debug|Any CPU.ActiveCfg = Debug|Any CPU
		{3AEFB1E3-8C93-4CFE-AF1A-82B31624CC31}.Debug|Any CPU.Build.0 = Debug|Any CPU
		{3AEFB1E3-8C93-4CFE-AF1A-82B31624CC31}.Release|Any CPU.ActiveCfg = Release|Any CPU
		{3AEFB1E3-8C93-4CFE-AF1A-82B31624CC31}.Release|Any CPU.Build.0 = Release|Any CPU
		{BB8DD2AB-7782-480F-A016-D35D16808DB7}.Debug|Any CPU.ActiveCfg = Debug|Any CPU
		{BB8DD2AB-7782-480F-A016-D35D16808DB7}.Debug|Any CPU.Build.0 = Debug|Any CPU
		{BB8DD2AB-7782-480F-A016-D35D16808DB7}.Release|Any CPU.ActiveCfg = Release|Any CPU
		{BB8DD2AB-7782-480F-A016-D35D16808DB7}.Release|Any CPU.Build.0 = Release|Any CPU
		{769499C5-CCB9-4030-B281-F16ADBDB53FD}.Debug|Any CPU.ActiveCfg = Debug|Any CPU
		{769499C5-CCB9-4030-B281-F16ADBDB53FD}.Debug|Any CPU.Build.0 = Debug|Any CPU
		{769499C5-CCB9-4030-B281-F16ADBDB53FD}.Release|Any CPU.ActiveCfg = Release|Any CPU
		{769499C5-CCB9-4030-B281-F16ADBDB53FD}.Release|Any CPU.Build.0 = Release|Any CPU
		{DBFAF881-74DE-4BAE-AF8D-1B880116712B}.Debug|Any CPU.ActiveCfg = Debug|Any CPU
		{DBFAF881-74DE-4BAE-AF8D-1B880116712B}.Debug|Any CPU.Build.0 = Debug|Any CPU
		{DBFAF881-74DE-4BAE-AF8D-1B880116712B}.Release|Any CPU.ActiveCfg = Release|Any CPU
		{DBFAF881-74DE-4BAE-AF8D-1B880116712B}.Release|Any CPU.Build.0 = Release|Any CPU
		{C5C23DB2-BB8B-42F9-937B-01DEAF30DC93}.Debug|Any CPU.ActiveCfg = Debug|Any CPU
		{C5C23DB2-BB8B-42F9-937B-01DEAF30DC93}.Debug|Any CPU.Build.0 = Debug|Any CPU
		{C5C23DB2-BB8B-42F9-937B-01DEAF30DC93}.Release|Any CPU.ActiveCfg = Release|Any CPU
		{C5C23DB2-BB8B-42F9-937B-01DEAF30DC93}.Release|Any CPU.Build.0 = Release|Any CPU
		{4B138F90-FF32-4B88-BBEF-1977268AFB5A}.Debug|Any CPU.ActiveCfg = Debug|Any CPU
		{4B138F90-FF32-4B88-BBEF-1977268AFB5A}.Debug|Any CPU.Build.0 = Debug|Any CPU
		{4B138F90-FF32-4B88-BBEF-1977268AFB5A}.Release|Any CPU.ActiveCfg = Release|Any CPU
		{4B138F90-FF32-4B88-BBEF-1977268AFB5A}.Release|Any CPU.Build.0 = Release|Any CPU
		{B1D6E5C6-6C7F-4308-8873-E7EA71FBD116}.Debug|Any CPU.ActiveCfg = Debug|Any CPU
		{B1D6E5C6-6C7F-4308-8873-E7EA71FBD116}.Debug|Any CPU.Build.0 = Debug|Any CPU
		{B1D6E5C6-6C7F-4308-8873-E7EA71FBD116}.Release|Any CPU.ActiveCfg = Release|Any CPU
		{B1D6E5C6-6C7F-4308-8873-E7EA71FBD116}.Release|Any CPU.Build.0 = Release|Any CPU
		{16FA1F9E-3CBB-4A83-B09E-8080E30513EC}.Debug|Any CPU.ActiveCfg = Debug|Any CPU
		{16FA1F9E-3CBB-4A83-B09E-8080E30513EC}.Debug|Any CPU.Build.0 = Debug|Any CPU
		{16FA1F9E-3CBB-4A83-B09E-8080E30513EC}.Release|Any CPU.ActiveCfg = Release|Any CPU
		{16FA1F9E-3CBB-4A83-B09E-8080E30513EC}.Release|Any CPU.Build.0 = Release|Any CPU
		{DED6CFDA-F932-4E7B-80A2-95D3B890E4FE}.Debug|Any CPU.ActiveCfg = Debug|Any CPU
		{DED6CFDA-F932-4E7B-80A2-95D3B890E4FE}.Debug|Any CPU.Build.0 = Debug|Any CPU
		{DED6CFDA-F932-4E7B-80A2-95D3B890E4FE}.Release|Any CPU.ActiveCfg = Release|Any CPU
		{DED6CFDA-F932-4E7B-80A2-95D3B890E4FE}.Release|Any CPU.Build.0 = Release|Any CPU
	EndGlobalSection
	GlobalSection(SolutionProperties) = preSolution
		HideSolutionNode = FALSE
	EndGlobalSection
	GlobalSection(NestedProjects) = preSolution
		{3AEFB1E3-8C93-4CFE-AF1A-82B31624CC31} = {2B5156CC-BCB6-496B-B949-EAAD007DE75B}
		{BB8DD2AB-7782-480F-A016-D35D16808DB7} = {6A1CA0B2-E143-4049-93C3-2ECE5C1BE966}
		{769499C5-CCB9-4030-B281-F16ADBDB53FD} = {743F51A4-D131-4C03-A204-F9C50387D26A}
		{DBFAF881-74DE-4BAE-AF8D-1B880116712B} = {0F39350A-18DC-4D94-B97D-68C184623667}
		{C5C23DB2-BB8B-42F9-937B-01DEAF30DC93} = {0F39350A-18DC-4D94-B97D-68C184623667}
		{4B138F90-FF32-4B88-BBEF-1977268AFB5A} = {A1452F58-5996-4407-ADB3-ED4CFA870DB1}
		{B1D6E5C6-6C7F-4308-8873-E7EA71FBD116} = {B9BB7FBB-43A2-4D02-BCA5-39E9B7B1FAE7}
		{16FA1F9E-3CBB-4A83-B09E-8080E30513EC} = {A1452F58-5996-4407-ADB3-ED4CFA870DB1}
		{DED6CFDA-F932-4E7B-80A2-95D3B890E4FE} = {26AE9D71-E2E0-46F4-889D-A24ECF260C45}
	EndGlobalSection
EndGlobal
